
Microsoft Visual Studio Solution File, Format Version 12.00
# Visual Studio Version 17
VisualStudioVersion = 17.14.37516.0 d17.14
MinimumVisualStudioVersion = 10.0.40219.1
Project("{FAE04EC0-301F-11D3-BF4B-00C04F79EFBC}") = "OpticaPrecisa", "OpticaPrecisa\OpticaPrecisa.csproj", "{8CAD175E-011C-48CA-812C-DB1E9FDDBCF5}"
EndProject
Project("{FAE04EC0-301F-11D3-BF4B-00C04F79EFBC}") = "CapaEntidad", "CapaEntidad\CapaEntidad.csproj", "{C0D830CA-4A28-4BC4-B7F3-72C548623D00}"
EndProject
Project("{FAE04EC0-301F-11D3-BF4B-00C04F79EFBC}") = "CapaDatos", "CapaDatos\CapaDatos.csproj", "{3C9080FB-B2B8-4CAA-994B-3F6B52A901EA}"
EndProject
Project("{FAE04EC0-301F-11D3-BF4B-00C04F79EFBC}") = "CapaNegocio", "CapaNegocio\CapaNegocio.csproj", "{A7AB34D5-C463-400C-AC7D-3036F87C3BDF}"
EndProject
Global
	GlobalSection(SolutionConfigurationPlatforms) = preSolution
		Debug|Any CPU = Debug|Any CPU
		Release|Any CPU = Release|Any CPU
	EndGlobalSection
	GlobalSection(ProjectConfigurationPlatforms) = postSolution
		{8CAD175E-011C-48CA-812C-DB1E9FDDBCF5}.Debug|Any CPU.ActiveCfg = Debug|Any CPU
		{8CAD175E-011C-48CA-812C-DB1E9FDDBCF5}.Debug|Any CPU.Build.0 = Debug|Any CPU
		{8CAD175E-011C-48CA-812C-DB1E9FDDBCF5}.Release|Any CPU.ActiveCfg = Release|Any CPU
		{8CAD175E-011C-48CA-812C-DB1E9FDDBCF5}.Release|Any CPU.Build.0 = Release|Any CPU
		{C0D830CA-4A28-4BC4-B7F3-72C548623D00}.Debug|Any CPU.ActiveCfg = Debug|Any CPU
		{C0D830CA-4A28-4BC4-B7F3-72C548623D00}.Debug|Any CPU.Build.0 = Debug|Any CPU
		{C0D830CA-4A28-4BC4-B7F3-72C548623D00}.Release|Any CPU.ActiveCfg = Release|Any CPU
		{C0D830CA-4A28-4BC4-B7F3-72C548623D00}.Release|Any CPU.Build.0 = Release|Any CPU
		{3C9080FB-B2B8-4CAA-994B-3F6B52A901EA}.Debug|Any CPU.ActiveCfg = Debug|Any CPU
		{3C9080FB-B2B8-4CAA-994B-3F6B52A901EA}.Debug|Any CPU.Build.0 = Debug|Any CPU
		{3C9080FB-B2B8-4CAA-994B-3F6B52A901EA}.Release|Any CPU.ActiveCfg = Release|Any CPU
		{3C9080FB-B2B8-4CAA-994B-3F6B52A901EA}.Release|Any CPU.Build.0 = Release|Any CPU
		{A7AB34D5-C463-400C-AC7D-3036F87C3BDF}.Debug|Any CPU.ActiveCfg = Debug|Any CPU
		{A7AB34D5-C463-400C-AC7D-3036F87C3BDF}.Debug|Any CPU.Build.0 = Debug|Any CPU
		{A7AB34D5-C463-400C-AC7D-3036F87C3BDF}.Release|Any CPU.ActiveCfg = Release|Any CPU
		{A7AB34D5-C463-400C-AC7D-3036F87C3BDF}.Release|Any CPU.Build.0 = Release|Any CPU
	EndGlobalSection
	GlobalSection(SolutionProperties) = preSolution
		HideSolutionNode = FALSE
	EndGlobalSection
	GlobalSection(ExtensibilityGlobals) = postSolution
		SolutionGuid = {92299FD6-48C3-4E6B-8DD9-339755112B73}
	EndGlobalSection
EndGlobal
